
Microsoft Visual Studio Solution File, Format Version 12.00
# Visual Studio 15
VisualStudioVersion = 15.0.27019.1
MinimumVisualStudioVersion = 10.0.40219.1
Project("{9A19103F-16F7-4668-BE54-9A1E7A4F7556}") = "ChatApp", "ChatApp\ChatApp.csproj", "{02B34EC6-47AB-4BF3-9A59-15D6AC76EA0F}"
EndProject
Project("{FAE04EC0-301F-11D3-BF4B-00C04F79EFBC}") = "ChatApp.AvaloniaCore", "ChatApp.AvaloniaCore\ChatApp.AvaloniaCore.csproj", "{ECCA20E9-1FB8-41A5-A219-2C41822BA877}"
EndProject
Project("{FAE04EC0-301F-11D3-BF4B-00C04F79EFBC}") = "ChatApp.ConsoleApp", "ChatApp.ConsoleApp\ChatApp.ConsoleApp.csproj", "{7D8EA52F-7957-4A40-8EFF-7E51E9BA989E}"
EndProject
Global
	GlobalSection(SolutionConfigurationPlatforms) = preSolution
		Debug|Any CPU = Debug|Any CPU
		Release|Any CPU = Release|Any CPU
	EndGlobalSection
	GlobalSection(ProjectConfigurationPlatforms) = postSolution
		{02B34EC6-47AB-4BF3-9A59-15D6AC76EA0F}.Debug|Any CPU.ActiveCfg = Debug|Any CPU
		{02B34EC6-47AB-4BF3-9A59-15D6AC76EA0F}.Debug|Any CPU.Build.0 = Debug|Any CPU
		{02B34EC6-47AB-4BF3-9A59-15D6AC76EA0F}.Release|Any CPU.ActiveCfg = Release|Any CPU
		{02B34EC6-47AB-4BF3-9A59-15D6AC76EA0F}.Release|Any CPU.Build.0 = Release|Any CPU
		{ECCA20E9-1FB8-41A5-A219-2C41822BA877}.Debug|Any CPU.ActiveCfg = Debug|Any CPU
		{ECCA20E9-1FB8-41A5-A219-2C41822BA877}.Debug|Any CPU.Build.0 = Debug|Any CPU
		{ECCA20E9-1FB8-41A5-A219-2C41822BA877}.Release|Any CPU.ActiveCfg = Release|Any CPU
		{ECCA20E9-1FB8-41A5-A219-2C41822BA877}.Release|Any CPU.Build.0 = Release|Any CPU
		{7D8EA52F-7957-4A40-8EFF-7E51E9BA989E}.Debug|Any CPU.ActiveCfg = Debug|Any CPU
		{7D8EA52F-7957-4A40-8EFF-7E51E9BA989E}.Debug|Any CPU.Build.0 = Debug|Any CPU
		{7D8EA52F-7957-4A40-8EFF-7E51E9BA989E}.Release|Any CPU.ActiveCfg = Release|Any CPU
		{7D8EA52F-7957-4A40-8EFF-7E51E9BA989E}.Release|Any CPU.Build.0 = Release|Any CPU
	EndGlobalSection
	GlobalSection(SolutionProperties) = preSolution
		HideSolutionNode = FALSE
	EndGlobalSection
	GlobalSection(ExtensibilityGlobals) = postSolution
		SolutionGuid = {31EB1D5F-09C5-4B41-9C25-7CD7F1AD8076}
	EndGlobalSection
EndGlobal
